
Microsoft Visual Studio Solution File, Format Version 12.00
# Visual Studio Version 16
VisualStudioVersion = 16.0.32228.343
MinimumVisualStudioVersion = 10.0.40219.1
Project("{FAE04EC0-301F-11D3-BF4B-00C04F79EFBC}") = "CrudWithAnugular", "CrudWithAnugular\CrudWithAnugular.csproj", "{0BD59034-6A2E-4356-B69A-91D55B1A1CFB}"
EndProject
Global
	GlobalSection(SolutionConfigurationPlatforms) = preSolution
		Debug|Any CPU = Debug|Any CPU
		Release|Any CPU = Release|Any CPU
	EndGlobalSection
	GlobalSection(ProjectConfigurationPlatforms) = postSolution
		{0BD59034-6A2E-4356-B69A-91D55B1A1CFB}.Debug|Any CPU.ActiveCfg = Debug|Any CPU
		{0BD59034-6A2E-4356-B69A-91D55B1A1CFB}.Debug|Any CPU.Build.0 = Debug|Any CPU
		{0BD59034-6A2E-4356-B69A-91D55B1A1CFB}.Release|Any CPU.ActiveCfg = Release|Any CPU
		{0BD59034-6A2E-4356-B69A-91D55B1A1CFB}.Release|Any CPU.Build.0 = Release|Any CPU
	EndGlobalSection
	GlobalSection(SolutionProperties) = preSolution
		HideSolutionNode = FALSE
	EndGlobalSection
	GlobalSection(ExtensibilityGlobals) = postSolution
		SolutionGuid = {12DECEA9-43B6-4F80-BDC9-AE0E02A2DB62}
	EndGlobalSection
EndGlobal
